
Microsoft Visual Studio Solution File, Format Version 12.00
# Visual Studio Version 16
VisualStudioVersion = 16.0.31605.320
MinimumVisualStudioVersion = 10.0.40219.1
Project("{FAE04EC0-301F-11D3-BF4B-00C04F79EFBC}") = "HelloWorld", "HelloWorld.csproj", "{77DA11C1-2129-4804-BA19-51D4A6A83880}"
EndProject
Project("{FAE04EC0-301F-11D3-BF4B-00C04F79EFBC}") = "Serie I", "..\Serie_I\Serie I\Serie I.csproj", "{2AB7ECED-BABC-4AB7-9C3B-59A5442D8489}"
EndProject
Global
	GlobalSection(SolutionConfigurationPlatforms) = preSolution
		Debug|Any CPU = Debug|Any CPU
		Release|Any CPU = Release|Any CPU
	EndGlobalSection
	GlobalSection(ProjectConfigurationPlatforms) = postSolution
		{77DA11C1-2129-4804-BA19-51D4A6A83880}.Debug|Any CPU.ActiveCfg = Debug|Any CPU
		{77DA11C1-2129-4804-BA19-51D4A6A83880}.Debug|Any CPU.Build.0 = Debug|Any CPU
		{77DA11C1-2129-4804-BA19-51D4A6A83880}.Release|Any CPU.ActiveCfg = Release|Any CPU
		{77DA11C1-2129-4804-BA19-51D4A6A83880}.Release|Any CPU.Build.0 = Release|Any CPU
		{2AB7ECED-BABC-4AB7-9C3B-59A5442D8489}.Debug|Any CPU.ActiveCfg = Debug|Any CPU
		{2AB7ECED-BABC-4AB7-9C3B-59A5442D8489}.Debug|Any CPU.Build.0 = Debug|Any CPU
		{2AB7ECED-BABC-4AB7-9C3B-59A5442D8489}.Release|Any CPU.ActiveCfg = Release|Any CPU
		{2AB7ECED-BABC-4AB7-9C3B-59A5442D8489}.Release|Any CPU.Build.0 = Release|Any CPU
	EndGlobalSection
	GlobalSection(SolutionProperties) = preSolution
		HideSolutionNode = FALSE
	EndGlobalSection
	GlobalSection(ExtensibilityGlobals) = postSolution
		SolutionGuid = {D712DFF4-F0F3-43B4-8016-E2A6ED1F7663}
	EndGlobalSection
EndGlobal
